
Microsoft Visual Studio Solution File, Format Version 12.00
# Visual Studio Version 17
VisualStudioVersion = 17.4.33213.308
MinimumVisualStudioVersion = 10.0.40219.1
Project("{FAE04EC0-301F-11D3-BF4B-00C04F79EFBC}") = "Week4Loops", "Week4Loops\Week4Loops.csproj", "{6B23B081-63FB-402C-83A2-16339104873D}"
EndProject
Project("{FAE04EC0-301F-11D3-BF4B-00C04F79EFBC}") = "ForLoopSum", "ForLoopSum\ForLoopSum.csproj", "{7751E02A-0654-4DE4-965C-9EE058487C69}"
EndProject
Project("{FAE04EC0-301F-11D3-BF4B-00C04F79EFBC}") = "RandomNumber", "RandomNumber\RandomNumber.csproj", "{24DBCFA2-34D0-4100-93E3-F5D79815B41B}"
EndProject
Project("{FAE04EC0-301F-11D3-BF4B-00C04F79EFBC}") = "WhileLoops", "WhileLoops\WhileLoops.csproj", "{85DC5641-D133-4595-B4CE-F60F7B3E52E8}"
EndProject
Global
	GlobalSection(SolutionConfigurationPlatforms) = preSolution
		Debug|Any CPU = Debug|Any CPU
		Release|Any CPU = Release|Any CPU
	EndGlobalSection
	GlobalSection(ProjectConfigurationPlatforms) = postSolution
		{6B23B081-63FB-402C-83A2-16339104873D}.Debug|Any CPU.ActiveCfg = Debug|Any CPU
		{6B23B081-63FB-402C-83A2-16339104873D}.Debug|Any CPU.Build.0 = Debug|Any CPU
		{6B23B081-63FB-402C-83A2-16339104873D}.Release|Any CPU.ActiveCfg = Release|Any CPU
		{6B23B081-63FB-402C-83A2-16339104873D}.Release|Any CPU.Build.0 = Release|Any CPU
		{7751E02A-0654-4DE4-965C-9EE058487C69}.Debug|Any CPU.ActiveCfg = Debug|Any CPU
		{7751E02A-0654-4DE4-965C-9EE058487C69}.Debug|Any CPU.Build.0 = Debug|Any CPU
		{7751E02A-0654-4DE4-965C-9EE058487C69}.Release|Any CPU.ActiveCfg = Release|Any CPU
		{7751E02A-0654-4DE4-965C-9EE058487C69}.Release|Any CPU.Build.0 = Release|Any CPU
		{24DBCFA2-34D0-4100-93E3-F5D79815B41B}.Debug|Any CPU.ActiveCfg = Debug|Any CPU
		{24DBCFA2-34D0-4100-93E3-F5D79815B41B}.Debug|Any CPU.Build.0 = Debug|Any CPU
		{24DBCFA2-34D0-4100-93E3-F5D79815B41B}.Release|Any CPU.ActiveCfg = Release|Any CPU
		{24DBCFA2-34D0-4100-93E3-F5D79815B41B}.Release|Any CPU.Build.0 = Release|Any CPU
		{85DC5641-D133-4595-B4CE-F60F7B3E52E8}.Debug|Any CPU.ActiveCfg = Debug|Any CPU
		{85DC5641-D133-4595-B4CE-F60F7B3E52E8}.Debug|Any CPU.Build.0 = Debug|Any CPU
		{85DC5641-D133-4595-B4CE-F60F7B3E52E8}.Release|Any CPU.ActiveCfg = Release|Any CPU
		{85DC5641-D133-4595-B4CE-F60F7B3E52E8}.Release|Any CPU.Build.0 = Release|Any CPU
	EndGlobalSection
	GlobalSection(SolutionProperties) = preSolution
		HideSolutionNode = FALSE
	EndGlobalSection
	GlobalSection(ExtensibilityGlobals) = postSolution
		SolutionGuid = {6E8611EC-5C1F-42F3-B417-B21C47FBCC90}
	EndGlobalSection
EndGlobal
